
Microsoft Visual Studio Solution File, Format Version 12.00
# Visual Studio 14
VisualStudioVersion = 14.0.24720.0
MinimumVisualStudioVersion = 10.0.40219.1
Project("{FAE04EC0-301F-11D3-BF4B-00C04F79EFBC}") = "Epam.Wunderlist.Services", "BLL\Epam.Wunderlist.Services.csproj", "{D768716E-DA5E-4F23-AAD4-77298667D279}"
EndProject
Project("{FAE04EC0-301F-11D3-BF4B-00C04F79EFBC}") = "Epam.Wunderlist.DataAccess", "DAL\Epam.Wunderlist.DataAccess.csproj", "{702AD799-BC92-4ADB-8982-9D8934E263E6}"
EndProject
Project("{FAE04EC0-301F-11D3-BF4B-00C04F79EFBC}") = "Epam.Wunderlist.DependencyResolver", "DependencyResolver\Epam.Wunderlist.DependencyResolver.csproj", "{D7A83A75-A5B7-46EA-BA12-A1FC7E313F10}"
EndProject
Project("{FAE04EC0-301F-11D3-BF4B-00C04F79EFBC}") = "Epam.Wunderlist.Orm", "ORM\Epam.Wunderlist.Orm.csproj", "{BCB7DCBE-F3F6-4BCF-9661-10D41CA329CE}"
EndProject
Project("{FAE04EC0-301F-11D3-BF4B-00C04F79EFBC}") = "Epam.Wunderlist.Mvc", "TaskManager\Epam.Wunderlist.Mvc.csproj", "{5B462B17-8363-4F16-AF38-219222300147}"
EndProject
Project("{FAE04EC0-301F-11D3-BF4B-00C04F79EFBC}") = "Epam.Wunderlist.UnitTests", "UnitTests\Epam.Wunderlist.UnitTests.csproj", "{702DC7D6-8A7E-4310-9CA5-7753BE6F2634}"
EndProject
Global
	GlobalSection(SolutionConfigurationPlatforms) = preSolution
		Debug|Any CPU = Debug|Any CPU
		Release|Any CPU = Release|Any CPU
	EndGlobalSection
	GlobalSection(ProjectConfigurationPlatforms) = postSolution
		{D768716E-DA5E-4F23-AAD4-77298667D279}.Debug|Any CPU.ActiveCfg = Debug|Any CPU
		{D768716E-DA5E-4F23-AAD4-77298667D279}.Debug|Any CPU.Build.0 = Debug|Any CPU
		{D768716E-DA5E-4F23-AAD4-77298667D279}.Release|Any CPU.ActiveCfg = Release|Any CPU
		{D768716E-DA5E-4F23-AAD4-77298667D279}.Release|Any CPU.Build.0 = Release|Any CPU
		{702AD799-BC92-4ADB-8982-9D8934E263E6}.Debug|Any CPU.ActiveCfg = Debug|Any CPU
		{702AD799-BC92-4ADB-8982-9D8934E263E6}.Debug|Any CPU.Build.0 = Debug|Any CPU
		{702AD799-BC92-4ADB-8982-9D8934E263E6}.Release|Any CPU.ActiveCfg = Release|Any CPU
		{702AD799-BC92-4ADB-8982-9D8934E263E6}.Release|Any CPU.Build.0 = Release|Any CPU
		{D7A83A75-A5B7-46EA-BA12-A1FC7E313F10}.Debug|Any CPU.ActiveCfg = Debug|Any CPU
		{D7A83A75-A5B7-46EA-BA12-A1FC7E313F10}.Debug|Any CPU.Build.0 = Debug|Any CPU
		{D7A83A75-A5B7-46EA-BA12-A1FC7E313F10}.Release|Any CPU.ActiveCfg = Release|Any CPU
		{D7A83A75-A5B7-46EA-BA12-A1FC7E313F10}.Release|Any CPU.Build.0 = Release|Any CPU
		{BCB7DCBE-F3F6-4BCF-9661-10D41CA329CE}.Debug|Any CPU.ActiveCfg = Debug|Any CPU
		{BCB7DCBE-F3F6-4BCF-9661-10D41CA329CE}.Debug|Any CPU.Build.0 = Debug|Any CPU
		{BCB7DCBE-F3F6-4BCF-9661-10D41CA329CE}.Release|Any CPU.ActiveCfg = Release|Any CPU
		{BCB7DCBE-F3F6-4BCF-9661-10D41CA329CE}.Release|Any CPU.Build.0 = Release|Any CPU
		{5B462B17-8363-4F16-AF38-219222300147}.Debug|Any CPU.ActiveCfg = Debug|Any CPU
		{5B462B17-8363-4F16-AF38-219222300147}.Debug|Any CPU.Build.0 = Debug|Any CPU
		{5B462B17-8363-4F16-AF38-219222300147}.Release|Any CPU.ActiveCfg = Release|Any CPU
		{5B462B17-8363-4F16-AF38-219222300147}.Release|Any CPU.Build.0 = Release|Any CPU
		{702DC7D6-8A7E-4310-9CA5-7753BE6F2634}.Debug|Any CPU.ActiveCfg = Debug|Any CPU
		{702DC7D6-8A7E-4310-9CA5-7753BE6F2634}.Debug|Any CPU.Build.0 = Debug|Any CPU
		{702DC7D6-8A7E-4310-9CA5-7753BE6F2634}.Release|Any CPU.ActiveCfg = Release|Any CPU
		{702DC7D6-8A7E-4310-9CA5-7753BE6F2634}.Release|Any CPU.Build.0 = Release|Any CPU
	EndGlobalSection
	GlobalSection(SolutionProperties) = preSolution
		HideSolutionNode = FALSE
	EndGlobalSection
EndGlobal
